{
<<<<<<< HEAD
<<<<<<< HEAD
  "lockfileVersion": 1
=======
  "name": "pset-2-starter-code",
  "version": "1.0.0",
  "lockfileVersion": 1,
  "requires": true,
=======
  "requires": true,
  "lockfileVersion": 1,
>>>>>>> 97a4db5d8baaead5852c849e4944716c03504a51
  "dependencies": {
    "readline-sync": {
      "version": "1.4.10",
      "resolved": "https://registry.npmjs.org/readline-sync/-/readline-sync-1.4.10.tgz",
      "integrity": "sha512-gNva8/6UAe8QYepIQH/jQ2qn91Qj0B9sYjMBBs3QOB8F2CXcKgLxQaJRP76sWVRQt+QU+8fAkCbCvjjMFu7Ycw=="
    }
  }
<<<<<<< HEAD
>>>>>>> d4303ddbfaa3b419cc1bd717f0ad5299e1aa7451
=======
>>>>>>> 97a4db5d8baaead5852c849e4944716c03504a51
}
